
Microsoft Visual Studio Solution File, Format Version 12.00
# Visual Studio Version 17
VisualStudioVersion = 17.14.36603.0 d17.14
MinimumVisualStudioVersion = 10.0.40219.1
Project("{FAE04EC0-301F-11D3-BF4B-00C04F79EFBC}") = "Task6 GPT", "Task6 GPT.csproj", "{8C1E51AC-35AE-4545-8483-4DB71F8EA98E}"
EndProject
Global
	GlobalSection(SolutionConfigurationPlatforms) = preSolution
		Debug|Any CPU = Debug|Any CPU
		Release|Any CPU = Release|Any CPU
	EndGlobalSection
	GlobalSection(ProjectConfigurationPlatforms) = postSolution
		{8C1E51AC-35AE-4545-8483-4DB71F8EA98E}.Debug|Any CPU.ActiveCfg = Debug|Any CPU
		{8C1E51AC-35AE-4545-8483-4DB71F8EA98E}.Debug|Any CPU.Build.0 = Debug|Any CPU
		{8C1E51AC-35AE-4545-8483-4DB71F8EA98E}.Release|Any CPU.ActiveCfg = Release|Any CPU
		{8C1E51AC-35AE-4545-8483-4DB71F8EA98E}.Release|Any CPU.Build.0 = Release|Any CPU
	EndGlobalSection
	GlobalSection(SolutionProperties) = preSolution
		HideSolutionNode = FALSE
	EndGlobalSection
	GlobalSection(ExtensibilityGlobals) = postSolution
		SolutionGuid = {E2E46756-5F57-4419-93A4-75601F659C76}
	EndGlobalSection
EndGlobal
