
Microsoft Visual Studio Solution File, Format Version 12.00
# Visual Studio Version 17
VisualStudioVersion = 17.14.36429.23 d17.14
MinimumVisualStudioVersion = 10.0.40219.1
Project("{FAE04EC0-301F-11D3-BF4B-00C04F79EFBC}") = "Task3", "Task3.csproj", "{20816F31-D993-4CF2-83E3-C64DD5DE30C5}"
EndProject
Global
	GlobalSection(SolutionConfigurationPlatforms) = preSolution
		Debug|Any CPU = Debug|Any CPU
		Release|Any CPU = Release|Any CPU
	EndGlobalSection
	GlobalSection(ProjectConfigurationPlatforms) = postSolution
		{20816F31-D993-4CF2-83E3-C64DD5DE30C5}.Debug|Any CPU.ActiveCfg = Debug|Any CPU
		{20816F31-D993-4CF2-83E3-C64DD5DE30C5}.Debug|Any CPU.Build.0 = Debug|Any CPU
		{20816F31-D993-4CF2-83E3-C64DD5DE30C5}.Release|Any CPU.ActiveCfg = Release|Any CPU
		{20816F31-D993-4CF2-83E3-C64DD5DE30C5}.Release|Any CPU.Build.0 = Release|Any CPU
	EndGlobalSection
	GlobalSection(SolutionProperties) = preSolution
		HideSolutionNode = FALSE
	EndGlobalSection
	GlobalSection(ExtensibilityGlobals) = postSolution
		SolutionGuid = {C35152BC-1F90-40BF-8030-01FFC30AE6A8}
	EndGlobalSection
EndGlobal
